
Microsoft Visual Studio Solution File, Format Version 12.00
# Visual Studio Version 17
VisualStudioVersion = 17.12.35424.110 d17.12
MinimumVisualStudioVersion = 10.0.40219.1
Project("{2150E333-8FDC-42A3-9474-1A3956D46DE8}") = "Solution filer", "Solution filer", "{D0DC7AE5-7A79-46A9-916E-D0126E09B28C}"
	ProjectSection(SolutionItems) = preProject
		contacts.csv = contacts.csv
	EndProjectSection
EndProject
Project("{FAE04EC0-301F-11D3-BF4B-00C04F79EFBC}") = "DineroMailfakeMiddelware", "DineroMailfakeMiddelware\DineroMailfakeMiddelware.csproj", "{C48F7CEC-6746-439C-BD1C-14AC97BF15D8}"
EndProject
Global
	GlobalSection(SolutionConfigurationPlatforms) = preSolution
		Debug|Any CPU = Debug|Any CPU
		Release|Any CPU = Release|Any CPU
	EndGlobalSection
	GlobalSection(ProjectConfigurationPlatforms) = postSolution
		{C48F7CEC-6746-439C-BD1C-14AC97BF15D8}.Debug|Any CPU.ActiveCfg = Debug|Any CPU
		{C48F7CEC-6746-439C-BD1C-14AC97BF15D8}.Debug|Any CPU.Build.0 = Debug|Any CPU
		{C48F7CEC-6746-439C-BD1C-14AC97BF15D8}.Release|Any CPU.ActiveCfg = Release|Any CPU
		{C48F7CEC-6746-439C-BD1C-14AC97BF15D8}.Release|Any CPU.Build.0 = Release|Any CPU
	EndGlobalSection
	GlobalSection(SolutionProperties) = preSolution
		HideSolutionNode = FALSE
	EndGlobalSection
EndGlobal
