
Microsoft Visual Studio Solution File, Format Version 12.00
# Visual Studio Version 17
VisualStudioVersion = 17.12.35209.166
MinimumVisualStudioVersion = 10.0.40219.1
Project("{FAE04EC0-301F-11D3-BF4B-00C04F79EFBC}") = "EjendomBeregner.BusinessLogic", "EjendomBeregner.BusinessLogic\EjendomBeregner.BusinessLogic.csproj", "{F2BE22C4-68B2-49F6-BD0D-572241A10ADB}"
EndProject
Project("{FAE04EC0-301F-11D3-BF4B-00C04F79EFBC}") = "BusinessLogic.Test", "BusinessLogic.Test\BusinessLogic.Test.csproj", "{1598762E-622C-478E-9407-BD1518FC9819}"
EndProject
Project("{FAE04EC0-301F-11D3-BF4B-00C04F79EFBC}") = "EjendomBeregner.Api", "EjendomBeregner.Api\EjendomBeregner.Api.csproj", "{51432F13-02EF-4D41-B3F7-CEA398205D29}"
EndProject
Global
	GlobalSection(SolutionConfigurationPlatforms) = preSolution
		Debug|Any CPU = Debug|Any CPU
		Release|Any CPU = Release|Any CPU
	EndGlobalSection
	GlobalSection(ProjectConfigurationPlatforms) = postSolution
		{F2BE22C4-68B2-49F6-BD0D-572241A10ADB}.Debug|Any CPU.ActiveCfg = Debug|Any CPU
		{F2BE22C4-68B2-49F6-BD0D-572241A10ADB}.Debug|Any CPU.Build.0 = Debug|Any CPU
		{F2BE22C4-68B2-49F6-BD0D-572241A10ADB}.Release|Any CPU.ActiveCfg = Release|Any CPU
		{F2BE22C4-68B2-49F6-BD0D-572241A10ADB}.Release|Any CPU.Build.0 = Release|Any CPU
		{1598762E-622C-478E-9407-BD1518FC9819}.Debug|Any CPU.ActiveCfg = Debug|Any CPU
		{1598762E-622C-478E-9407-BD1518FC9819}.Debug|Any CPU.Build.0 = Debug|Any CPU
		{1598762E-622C-478E-9407-BD1518FC9819}.Release|Any CPU.ActiveCfg = Release|Any CPU
		{1598762E-622C-478E-9407-BD1518FC9819}.Release|Any CPU.Build.0 = Release|Any CPU
		{51432F13-02EF-4D41-B3F7-CEA398205D29}.Debug|Any CPU.ActiveCfg = Debug|Any CPU
		{51432F13-02EF-4D41-B3F7-CEA398205D29}.Debug|Any CPU.Build.0 = Debug|Any CPU
		{51432F13-02EF-4D41-B3F7-CEA398205D29}.Release|Any CPU.ActiveCfg = Release|Any CPU
		{51432F13-02EF-4D41-B3F7-CEA398205D29}.Release|Any CPU.Build.0 = Release|Any CPU
	EndGlobalSection
	GlobalSection(SolutionProperties) = preSolution
		HideSolutionNode = FALSE
	EndGlobalSection
	GlobalSection(ExtensibilityGlobals) = postSolution
		SolutionGuid = {D93A0114-286C-4250-A845-C37EC438B42F}
	EndGlobalSection
EndGlobal
